// !$*UTF8*$!
{
	archiveVersion = 1;
	classes = {
	};
	objectVersion = 48;
	objects = {

/* Begin PBXBuildFile section */
		F123D22F208BAA1D00CA136E /* main.cpp in Sources */ = {isa = PBXBuildFile; fileRef = F123D22E208BAA1D00CA136E /* main.cpp */; };
		F1D99CDA208FE6200059606E /* libiomp5.dylib in Frameworks */ = {isa = PBXBuildFile; fileRef = F1D99CD9208FE6200059606E /* libiomp5.dylib */; };
/* End PBXBuildFile section */

/* Begin PBXCopyFilesBuildPhase section */
		F123D229208BAA1D00CA136E /* CopyFiles */ = {
			isa = PBXCopyFilesBuildPhase;
			buildActionMask = 2147483647;
			dstPath = /usr/share/man/man1/;
			dstSubfolderSpec = 0;
			files = (
			);
			runOnlyForDeploymentPostprocessing = 1;
		};
/* End PBXCopyFilesBuildPhase section */

/* Begin PBXFileReference section */
		F123D22B208BAA1D00CA136E /* NeuralNetwork */ = {isa = PBXFileReference; explicitFileType = "compiled.mach-o.executable"; includeInIndex = 0; path = NeuralNetwork; sourceTree = BUILT_PRODUCTS_DIR; };
		F123D22E208BAA1D00CA136E /* main.cpp */ = {isa = PBXFileReference; lastKnownFileType = sourcecode.cpp.cpp; path = main.cpp; sourceTree = "<group>"; };
		F1D99CD9208FE6200059606E /* libiomp5.dylib */ = {isa = PBXFileReference; lastKnownFileType = "compiled.mach-o.dylib"; name = libiomp5.dylib; path = ../../../../../../../usr/local/Cellar/llvm/6.0.0/lib/libiomp5.dylib; sourceTree = "<group>"; };
/* End PBXFileReference section */

/* Begin PBXFrameworksBuildPhase section */
		F123D228208BAA1D00CA136E /* Frameworks */ = {
			isa = PBXFrameworksBuildPhase;
			buildActionMask = 2147483647;
			files = (
				F1D99CDA208FE6200059606E /* libiomp5.dylib in Frameworks */,
			);
			runOnlyForDeploymentPostprocessing = 0;
		};
/* End PBXFrameworksBuildPhase section */

/* Begin PBXGroup section */
		F123D222208BAA1D00CA136E = {
			isa = PBXGroup;
			children = (
				F123D22D208BAA1D00CA136E /* NeuralNetwork */,
				F123D22C208BAA1D00CA136E /* Products */,
				F14B41EF208F57B10067E1E4 /* Frameworks */,
			);
			sourceTree = "<group>";
		};
		F123D22C208BAA1D00CA136E /* Products */ = {
			isa = PBXGroup;
			children = (
				F123D22B208BAA1D00CA136E /* NeuralNetwork */,
			);
			name = Products;
			sourceTree = "<group>";
		};
		F123D22D208BAA1D00CA136E /* NeuralNetwork */ = {
			isa = PBXGroup;
			children = (
				F123D22E208BAA1D00CA136E /* main.cpp */,
			);
			path = NeuralNetwork;
			sourceTree = "<group>";
		};
		F14B41EF208F57B10067E1E4 /* Frameworks */ = {
			isa = PBXGroup;
			children = (
				F1D99CD9208FE6200059606E /* libiomp5.dylib */,
			);
			name = Frameworks;
			sourceTree = "<group>";
		};
/* End PBXGroup section */

/* Begin PBXNativeTarget section */
		F123D22A208BAA1D00CA136E /* NeuralNetwork */ = {
			isa = PBXNativeTarget;
			buildConfigurationList = F123D232208BAA1D00CA136E /* Build configuration list for PBXNativeTarget "NeuralNetwork" */;
			buildPhases = (
				F123D227208BAA1D00CA136E /* Sources */,
				F123D228208BAA1D00CA136E /* Frameworks */,
				F123D229208BAA1D00CA136E /* CopyFiles */,
			);
			buildRules = (
			);
			dependencies = (
			);
			name = NeuralNetwork;
			productName = NeuralNetwork;
			productReference = F123D22B208BAA1D00CA136E /* NeuralNetwork */;
			productType = "com.apple.product-type.tool";
		};
/* End PBXNativeTarget section */

/* Begin PBXProject section */
		F123D223208BAA1D00CA136E /* Project object */ = {
			isa = PBXProject;
			attributes = {
				LastUpgradeCheck = 0910;
				ORGANIZATIONNAME = "Tom Turner";
				TargetAttributes = {
					F123D22A208BAA1D00CA136E = {
						CreatedOnToolsVersion = 9.1;
						ProvisioningStyle = Automatic;
					};
				};
			};
			buildConfigurationList = F123D226208BAA1D00CA136E /* Build configuration list for PBXProject "NeuralNetwork" */;
			compatibilityVersion = "Xcode 8.0";
			developmentRegion = en;
			hasScannedForEncodings = 0;
			knownRegions = (
				en,
			);
			mainGroup = F123D222208BAA1D00CA136E;
			productRefGroup = F123D22C208BAA1D00CA136E /* Products */;
			projectDirPath = "";
			projectRoot = "";
			targets = (
				F123D22A208BAA1D00CA136E /* NeuralNetwork */,
			);
		};
/* End PBXProject section */

/* Begin PBXSourcesBuildPhase section */
		F123D227208BAA1D00CA136E /* Sources */ = {
			isa = PBXSourcesBuildPhase;
			buildActionMask = 2147483647;
			files = (
				F123D22F208BAA1D00CA136E /* main.cpp in Sources */,
			);
			runOnlyForDeploymentPostprocessing = 0;
		};
/* End PBXSourcesBuildPhase section */

/* Begin XCBuildConfiguration section */
		F123D230208BAA1D00CA136E /* Debug */ = {
			isa = XCBuildConfiguration;
			buildSettings = {
				ALWAYS_SEARCH_USER_PATHS = NO;
				CC = /usr/local/opt/llvm/bin/clang;
				CLANG_ANALYZER_NONNULL = YES;
				CLANG_ANALYZER_NUMBER_OBJECT_CONVERSION = YES_AGGRESSIVE;
				CLANG_CXX_LANGUAGE_STANDARD = "gnu++14";
				CLANG_CXX_LIBRARY = "libc++";
				CLANG_ENABLE_MODULES = NO;
				CLANG_ENABLE_OBJC_ARC = YES;
				CLANG_WARN_BLOCK_CAPTURE_AUTORELEASING = YES;
				CLANG_WARN_BOOL_CONVERSION = YES;
				CLANG_WARN_COMMA = YES;
				CLANG_WARN_CONSTANT_CONVERSION = YES;
				CLANG_WARN_DIRECT_OBJC_ISA_USAGE = YES_ERROR;
				CLANG_WARN_DOCUMENTATION_COMMENTS = YES;
				CLANG_WARN_EMPTY_BODY = YES;
				CLANG_WARN_ENUM_CONVERSION = YES;
				CLANG_WARN_INFINITE_RECURSION = YES;
				CLANG_WARN_INT_CONVERSION = YES;
				CLANG_WARN_NON_LITERAL_NULL_CONVERSION = YES;
				CLANG_WARN_OBJC_LITERAL_CONVERSION = YES;
				CLANG_WARN_OBJC_ROOT_CLASS = YES_ERROR;
				CLANG_WARN_RANGE_LOOP_ANALYSIS = YES;
				CLANG_WARN_STRICT_PROTOTYPES = YES;
				CLANG_WARN_SUSPICIOUS_MOVE = YES;
				CLANG_WARN_UNGUARDED_AVAILABILITY = YES_AGGRESSIVE;
				CLANG_WARN_UNREACHABLE_CODE = YES;
				CLANG_WARN__DUPLICATE_METHOD_MATCH = YES;
				CODE_SIGN_IDENTITY = "-";
				COMPILER_INDEX_STORE_ENABLE = NO;
				COPY_PHASE_STRIP = NO;
				DEBUG_INFORMATION_FORMAT = dwarf;
				ENABLE_STRICT_OBJC_MSGSEND = YES;
				ENABLE_TESTABILITY = YES;
				GCC_C_LANGUAGE_STANDARD = gnu11;
				GCC_DYNAMIC_NO_PIC = NO;
				GCC_NO_COMMON_BLOCKS = YES;
				GCC_OPTIMIZATION_LEVEL = 0;
				GCC_PREPROCESSOR_DEFINITIONS = (
					"DEBUG=1",
					"$(inherited)",
				);
				GCC_WARN_64_TO_32_BIT_CONVERSION = YES;
				GCC_WARN_ABOUT_RETURN_TYPE = YES_ERROR;
				GCC_WARN_UNDECLARED_SELECTOR = YES;
				GCC_WARN_UNINITIALIZED_AUTOS = YES_AGGRESSIVE;
				GCC_WARN_UNUSED_FUNCTION = YES;
				GCC_WARN_UNUSED_VARIABLE = YES;
				HEADER_SEARCH_PATHS = /usr/local/opt/llvm/lib/clang/6.0.0/include;
				LIBRARY_SEARCH_PATHS = /usr/local/opt/llvm/lib;
				MACOSX_DEPLOYMENT_TARGET = 10.13;
				MTL_ENABLE_DEBUG_INFO = YES;
				ONLY_ACTIVE_ARCH = YES;
				OTHER_CFLAGS = "-fopenmp";
				SDKROOT = macosx;
			};
			name = Debug;
		};
		F123D231208BAA1D00CA136E /* Release */ = {
			isa = XCBuildConfiguration;
			buildSettings = {
				ALWAYS_SEARCH_USER_PATHS = NO;
				CC = /usr/local/opt/llvm/bin/clang;
				CLANG_ANALYZER_NONNULL = YES;
				CLANG_ANALYZER_NUMBER_OBJECT_CONVERSION = YES_AGGRESSIVE;
				CLANG_CXX_LANGUAGE_STANDARD = "gnu++14";
				CLANG_CXX_LIBRARY = "libc++";
				CLANG_ENABLE_MODULES = NO;
				CLANG_ENABLE_OBJC_ARC = YES;
				CLANG_WARN_BLOCK_CAPTURE_AUTORELEASING = YES;
				CLANG_WARN_BOOL_CONVERSION = YES;
				CLANG_WARN_COMMA = YES;
				CLANG_WARN_CONSTANT_CONVERSION = YES;
				CLANG_WARN_DIRECT_OBJC_ISA_USAGE = YES_ERROR;
				CLANG_WARN_DOCUMENTATION_COMMENTS = YES;
				CLANG_WARN_EMPTY_BODY = YES;
				CLANG_WARN_ENUM_CONVERSION = YES;
				CLANG_WARN_INFINITE_RECURSION = YES;
				CLANG_WARN_INT_CONVERSION = YES;
				CLANG_WARN_NON_LITERAL_NULL_CONVERSION = YES;
				CLANG_WARN_OBJC_LITERAL_CONVERSION = YES;
				CLANG_WARN_OBJC_ROOT_CLASS = YES_ERROR;
				CLANG_WARN_RANGE_LOOP_ANALYSIS = YES;
				CLANG_WARN_STRICT_PROTOTYPES = YES;
				CLANG_WARN_SUSPICIOUS_MOVE = YES;
				CLANG_WARN_UNGUARDED_AVAILABILITY = YES_AGGRESSIVE;
				CLANG_WARN_UNREACHABLE_CODE = YES;
				CLANG_WARN__DUPLICATE_METHOD_MATCH = YES;
				CODE_SIGN_IDENTITY = "-";
				COMPILER_INDEX_STORE_ENABLE = NO;
				COPY_PHASE_STRIP = NO;
				DEBUG_INFORMATION_FORMAT = "dwarf-with-dsym";
				ENABLE_NS_ASSERTIONS = NO;
				ENABLE_STRICT_OBJC_MSGSEND = YES;
				GCC_C_LANGUAGE_STANDARD = gnu11;
				GCC_NO_COMMON_BLOCKS = YES;
				GCC_WARN_64_TO_32_BIT_CONVERSION = YES;
				GCC_WARN_ABOUT_RETURN_TYPE = YES_ERROR;
				GCC_WARN_UNDECLARED_SELECTOR = YES;
				GCC_WARN_UNINITIALIZED_AUTOS = YES_AGGRESSIVE;
				GCC_WARN_UNUSED_FUNCTION = YES;
				GCC_WARN_UNUSED_VARIABLE = YES;
				HEADER_SEARCH_PATHS = /usr/local/opt/llvm/lib/clang/6.0.0/include;
				LIBRARY_SEARCH_PATHS = /usr/local/opt/llvm/lib;
				MACOSX_DEPLOYMENT_TARGET = 10.13;
				MTL_ENABLE_DEBUG_INFO = NO;
				OTHER_CFLAGS = "-fopenmp";
				SDKROOT = macosx;
			};
			name = Release;
		};
		F123D233208BAA1D00CA136E /* Debug */ = {
			isa = XCBuildConfiguration;
			buildSettings = {
				ARCHS = "$(ARCHS_STANDARD)";
				CC = /usr/local/opt/llvm/bin/clang;
				CLANG_ENABLE_MODULES = NO;
				CODE_SIGN_STYLE = Automatic;
				COMPILER_INDEX_STORE_ENABLE = NO;
				GCC_VERSION = "";
				HEADER_SEARCH_PATHS = /usr/local/opt/llvm/lib/clang/6.0.0/include;
				LIBRARY_SEARCH_PATHS = (
					/usr/local/opt/llvm/lib,
					/usr/local/Cellar/llvm/6.0.0/lib,
				);
				MACOSX_DEPLOYMENT_TARGET = 10.13;
				OTHER_CFLAGS = "-fopenmp";
				PRODUCT_NAME = "$(TARGET_NAME)";
			};
			name = Debug;
		};
		F123D234208BAA1D00CA136E /* Release */ = {
			isa = XCBuildConfiguration;
			buildSettings = {
				ARCHS = "$(ARCHS_STANDARD)";
				CC = /usr/local/opt/llvm/bin/clang;
				CLANG_ENABLE_MODULES = NO;
				CODE_SIGN_STYLE = Automatic;
				COMPILER_INDEX_STORE_ENABLE = NO;
				GCC_VERSION = "";
				HEADER_SEARCH_PATHS = /usr/local/opt/llvm/lib/clang/6.0.0/include;
				LIBRARY_SEARCH_PATHS = (
					/usr/local/opt/llvm/lib,
					/usr/local/Cellar/llvm/6.0.0/lib,
				);
				MACOSX_DEPLOYMENT_TARGET = 10.13;
				OTHER_CFLAGS = "-fopenmp";
				PRODUCT_NAME = "$(TARGET_NAME)";
			};
			name = Release;
		};
/* End XCBuildConfiguration section */

/* Begin XCConfigurationList section */
		F123D226208BAA1D00CA136E /* Build configuration list for PBXProject "NeuralNetwork" */ = {
			isa = XCConfigurationList;
			buildConfigurations = (
				F123D230208BAA1D00CA136E /* Debug */,
				F123D231208BAA1D00CA136E /* Release */,
			);
			defaultConfigurationIsVisible = 0;
			defaultConfigurationName = Release;
		};
		F123D232208BAA1D00CA136E /* Build configuration list for PBXNativeTarget "NeuralNetwork" */ = {
			isa = XCConfigurationList;
			buildConfigurations = (
				F123D233208BAA1D00CA136E /* Debug */,
				F123D234208BAA1D00CA136E /* Release */,
			);
			defaultConfigurationIsVisible = 0;
			defaultConfigurationName = Release;
		};
/* End XCConfigurationList section */
	};
	rootObject = F123D223208BAA1D00CA136E /* Project object */;
}
